
Microsoft Visual Studio Solution File, Format Version 12.00
Project("{FAE04EC0-301F-11D3-BF4B-00C04F79EFBC}") = "symtest", "symtest\symtest.csproj", "{9EDC1BCA-47F7-448C-804F-4C5F279F8D08}"
EndProject
Project("{FAE04EC0-301F-11D3-BF4B-00C04F79EFBC}") = "symtest.Tests", "symtest.Tests\symtest.Tests.csproj", "{FC884D35-E2C0-419B-86D1-AA7C88DACA45}"
EndProject
Project("{FAE04EC0-301F-11D3-BF4B-00C04F79EFBC}") = "symtest.Client", "symtest.Client\symtest.Client.csproj", "{06743C15-D594-4799-B56D-2B0D56141E04}"
EndProject
Project("{FAE04EC0-301F-11D3-BF4B-00C04F79EFBC}") = "symtest.Tests.Integration", "symtest.Tests.Integration\symtest.Tests.Integration.csproj", "{CAB8663B-7C72-4A5D-B298-C444C0436640}"
EndProject
Project("{FAE04EC0-301F-11D3-BF4B-00C04F79EFBC}") = "symtest.Logic", "symtest.Logic\symtest.Logic.csproj", "{05D99A08-D045-4D85-BC13-61E238BBD084}"
EndProject
Project("{FAE04EC0-301F-11D3-BF4B-00C04F79EFBC}") = "symtest.Common", "symtest.Common\symtest.Common.csproj", "{CCD0F1E4-2175-40BB-9742-159DABE453BE}"
EndProject
Global
	GlobalSection(SolutionConfigurationPlatforms) = preSolution
		Debug|Any CPU = Debug|Any CPU
		Release|Any CPU = Release|Any CPU
	EndGlobalSection
	GlobalSection(ProjectConfigurationPlatforms) = postSolution
		{9EDC1BCA-47F7-448C-804F-4C5F279F8D08}.Debug|Any CPU.ActiveCfg = Debug|Any CPU
		{9EDC1BCA-47F7-448C-804F-4C5F279F8D08}.Debug|Any CPU.Build.0 = Debug|Any CPU
		{9EDC1BCA-47F7-448C-804F-4C5F279F8D08}.Release|Any CPU.ActiveCfg = Release|Any CPU
		{9EDC1BCA-47F7-448C-804F-4C5F279F8D08}.Release|Any CPU.Build.0 = Release|Any CPU
		{FC884D35-E2C0-419B-86D1-AA7C88DACA45}.Debug|Any CPU.ActiveCfg = Debug|Any CPU
		{FC884D35-E2C0-419B-86D1-AA7C88DACA45}.Debug|Any CPU.Build.0 = Debug|Any CPU
		{FC884D35-E2C0-419B-86D1-AA7C88DACA45}.Release|Any CPU.ActiveCfg = Release|Any CPU
		{FC884D35-E2C0-419B-86D1-AA7C88DACA45}.Release|Any CPU.Build.0 = Release|Any CPU
		{06743C15-D594-4799-B56D-2B0D56141E04}.Debug|Any CPU.ActiveCfg = Debug|Any CPU
		{06743C15-D594-4799-B56D-2B0D56141E04}.Debug|Any CPU.Build.0 = Debug|Any CPU
		{06743C15-D594-4799-B56D-2B0D56141E04}.Release|Any CPU.ActiveCfg = Release|Any CPU
		{06743C15-D594-4799-B56D-2B0D56141E04}.Release|Any CPU.Build.0 = Release|Any CPU
		{CAB8663B-7C72-4A5D-B298-C444C0436640}.Debug|Any CPU.ActiveCfg = Debug|Any CPU
		{CAB8663B-7C72-4A5D-B298-C444C0436640}.Debug|Any CPU.Build.0 = Debug|Any CPU
		{CAB8663B-7C72-4A5D-B298-C444C0436640}.Release|Any CPU.ActiveCfg = Release|Any CPU
		{CAB8663B-7C72-4A5D-B298-C444C0436640}.Release|Any CPU.Build.0 = Release|Any CPU
		{05D99A08-D045-4D85-BC13-61E238BBD084}.Debug|Any CPU.ActiveCfg = Debug|Any CPU
		{05D99A08-D045-4D85-BC13-61E238BBD084}.Debug|Any CPU.Build.0 = Debug|Any CPU
		{05D99A08-D045-4D85-BC13-61E238BBD084}.Release|Any CPU.ActiveCfg = Release|Any CPU
		{05D99A08-D045-4D85-BC13-61E238BBD084}.Release|Any CPU.Build.0 = Release|Any CPU
		{CCD0F1E4-2175-40BB-9742-159DABE453BE}.Debug|Any CPU.ActiveCfg = Debug|Any CPU
		{CCD0F1E4-2175-40BB-9742-159DABE453BE}.Debug|Any CPU.Build.0 = Debug|Any CPU
		{CCD0F1E4-2175-40BB-9742-159DABE453BE}.Release|Any CPU.ActiveCfg = Release|Any CPU
		{CCD0F1E4-2175-40BB-9742-159DABE453BE}.Release|Any CPU.Build.0 = Release|Any CPU
	EndGlobalSection
EndGlobal
